// !$*UTF8*$!
{
	archiveVersion = 1;
	classes = {
	};
	objectVersion = 50;
	objects = {

/* Begin PBXBuildFile section */
		C076E6A32897E62300F7F294 /* AppDelegate.swift in Sources */ = {isa = PBXBuildFile; fileRef = C076E6A22897E62300F7F294 /* AppDelegate.swift */; };
		C076E6A52897E62300F7F294 /* SceneDelegate.swift in Sources */ = {isa = PBXBuildFile; fileRef = C076E6A42897E62300F7F294 /* SceneDelegate.swift */; };
		C076E6A72897E62300F7F294 /* ContentView.swift in Sources */ = {isa = PBXBuildFile; fileRef = C076E6A62897E62300F7F294 /* ContentView.swift */; };
		C076E6A92897E63400F7F294 /* Assets.xcassets in Resources */ = {isa = PBXBuildFile; fileRef = C076E6A82897E63400F7F294 /* Assets.xcassets */; };
		C076E6AC2897E63400F7F294 /* Preview Assets.xcassets in Resources */ = {isa = PBXBuildFile; fileRef = C076E6AB2897E63400F7F294 /* Preview Assets.xcassets */; };
		C076E6AF2897E63400F7F294 /* LaunchScreen.storyboard in Resources */ = {isa = PBXBuildFile; fileRef = C076E6AD2897E63400F7F294 /* LaunchScreen.storyboard */; };
		C076E6BA2897E63600F7F294 /* SwiftBuddyTests.swift in Sources */ = {isa = PBXBuildFile; fileRef = C076E6B92897E63600F7F294 /* SwiftBuddyTests.swift */; };
		C076E6C52897E63600F7F294 /* SwiftBuddyUITests.swift in Sources */ = {isa = PBXBuildFile; fileRef = C076E6C42897E63600F7F294 /* SwiftBuddyUITests.swift */; };
/* End PBXBuildFile section */

/* Begin PBXContainerItemProxy section */
		C076E6B62897E63600F7F294 /* PBXContainerItemProxy */ = {
			isa = PBXContainerItemProxy;
			containerPortal = C076E6972897E62300F7F294 /* Project object */;
			proxyType = 1;
			remoteGlobalIDString = C076E69E2897E62300F7F294;
			remoteInfo = SwiftBuddy;
		};
		C076E6C12897E63600F7F294 /* PBXContainerItemProxy */ = {
			isa = PBXContainerItemProxy;
			containerPortal = C076E6972897E62300F7F294 /* Project object */;
			proxyType = 1;
			remoteGlobalIDString = C076E69E2897E62300F7F294;
			remoteInfo = SwiftBuddy;
		};
/* End PBXContainerItemProxy section */

/* Begin PBXFileReference section */
		C076E69F2897E62300F7F294 /* SwiftBuddy.app */ = {isa = PBXFileReference; explicitFileType = wrapper.application; includeInIndex = 0; path = SwiftBuddy.app; sourceTree = BUILT_PRODUCTS_DIR; };
		C076E6A22897E62300F7F294 /* AppDelegate.swift */ = {isa = PBXFileReference; lastKnownFileType = sourcecode.swift; path = AppDelegate.swift; sourceTree = "<group>"; };
		C076E6A42897E62300F7F294 /* SceneDelegate.swift */ = {isa = PBXFileReference; lastKnownFileType = sourcecode.swift; path = SceneDelegate.swift; sourceTree = "<group>"; };
		C076E6A62897E62300F7F294 /* ContentView.swift */ = {isa = PBXFileReference; lastKnownFileType = sourcecode.swift; path = ContentView.swift; sourceTree = "<group>"; };
		C076E6A82897E63400F7F294 /* Assets.xcassets */ = {isa = PBXFileReference; lastKnownFileType = folder.assetcatalog; path = Assets.xcassets; sourceTree = "<group>"; };
		C076E6AB2897E63400F7F294 /* Preview Assets.xcassets */ = {isa = PBXFileReference; lastKnownFileType = folder.assetcatalog; path = "Preview Assets.xcassets"; sourceTree = "<group>"; };
		C076E6AE2897E63400F7F294 /* Base */ = {isa = PBXFileReference; lastKnownFileType = file.storyboard; name = Base; path = Base.lproj/LaunchScreen.storyboard; sourceTree = "<group>"; };
		C076E6B02897E63400F7F294 /* Info.plist */ = {isa = PBXFileReference; lastKnownFileType = text.plist.xml; path = Info.plist; sourceTree = "<group>"; };
		C076E6B52897E63600F7F294 /* SwiftBuddyTests.xctest */ = {isa = PBXFileReference; explicitFileType = wrapper.cfbundle; includeInIndex = 0; path = SwiftBuddyTests.xctest; sourceTree = BUILT_PRODUCTS_DIR; };
		C076E6B92897E63600F7F294 /* SwiftBuddyTests.swift */ = {isa = PBXFileReference; lastKnownFileType = sourcecode.swift; path = SwiftBuddyTests.swift; sourceTree = "<group>"; };
		C076E6BB2897E63600F7F294 /* Info.plist */ = {isa = PBXFileReference; lastKnownFileType = text.plist.xml; path = Info.plist; sourceTree = "<group>"; };
		C076E6C02897E63600F7F294 /* SwiftBuddyUITests.xctest */ = {isa = PBXFileReference; explicitFileType = wrapper.cfbundle; includeInIndex = 0; path = SwiftBuddyUITests.xctest; sourceTree = BUILT_PRODUCTS_DIR; };
		C076E6C42897E63600F7F294 /* SwiftBuddyUITests.swift */ = {isa = PBXFileReference; lastKnownFileType = sourcecode.swift; path = SwiftBuddyUITests.swift; sourceTree = "<group>"; };
		C076E6C62897E63600F7F294 /* Info.plist */ = {isa = PBXFileReference; lastKnownFileType = text.plist.xml; path = Info.plist; sourceTree = "<group>"; };
/* End PBXFileReference section */

/* Begin PBXFrameworksBuildPhase section */
		C076E69C2897E62300F7F294 /* Frameworks */ = {
			isa = PBXFrameworksBuildPhase;
			buildActionMask = 2147483647;
			files = (
			);
			runOnlyForDeploymentPostprocessing = 0;
		};
		C076E6B22897E63600F7F294 /* Frameworks */ = {
			isa = PBXFrameworksBuildPhase;
			buildActionMask = 2147483647;
			files = (
			);
			runOnlyForDeploymentPostprocessing = 0;
		};
		C076E6BD2897E63600F7F294 /* Frameworks */ = {
			isa = PBXFrameworksBuildPhase;
			buildActionMask = 2147483647;
			files = (
			);
			runOnlyForDeploymentPostprocessing = 0;
		};
/* End PBXFrameworksBuildPhase section */

/* Begin PBXGroup section */
		C076E6962897E62300F7F294 = {
			isa = PBXGroup;
			children = (
				C076E6A12897E62300F7F294 /* SwiftBuddy */,
				C076E6B82897E63600F7F294 /* SwiftBuddyTests */,
				C076E6C32897E63600F7F294 /* SwiftBuddyUITests */,
				C076E6A02897E62300F7F294 /* Products */,
			);
			sourceTree = "<group>";
		};
		C076E6A02897E62300F7F294 /* Products */ = {
			isa = PBXGroup;
			children = (
				C076E69F2897E62300F7F294 /* SwiftBuddy.app */,
				C076E6B52897E63600F7F294 /* SwiftBuddyTests.xctest */,
				C076E6C02897E63600F7F294 /* SwiftBuddyUITests.xctest */,
			);
			name = Products;
			sourceTree = "<group>";
		};
		C076E6A12897E62300F7F294 /* SwiftBuddy */ = {
			isa = PBXGroup;
			children = (
				C076E6A22897E62300F7F294 /* AppDelegate.swift */,
				C076E6A42897E62300F7F294 /* SceneDelegate.swift */,
				C076E6A62897E62300F7F294 /* ContentView.swift */,
				C076E6A82897E63400F7F294 /* Assets.xcassets */,
				C076E6AD2897E63400F7F294 /* LaunchScreen.storyboard */,
				C076E6B02897E63400F7F294 /* Info.plist */,
				C076E6AA2897E63400F7F294 /* Preview Content */,
			);
			path = SwiftBuddy;
			sourceTree = "<group>";
		};
		C076E6AA2897E63400F7F294 /* Preview Content */ = {
			isa = PBXGroup;
			children = (
				C076E6AB2897E63400F7F294 /* Preview Assets.xcassets */,
			);
			path = "Preview Content";
			sourceTree = "<group>";
		};
		C076E6B82897E63600F7F294 /* SwiftBuddyTests */ = {
			isa = PBXGroup;
			children = (
				C076E6B92897E63600F7F294 /* SwiftBuddyTests.swift */,
				C076E6BB2897E63600F7F294 /* Info.plist */,
			);
			path = SwiftBuddyTests;
			sourceTree = "<group>";
		};
		C076E6C32897E63600F7F294 /* SwiftBuddyUITests */ = {
			isa = PBXGroup;
			children = (
				C076E6C42897E63600F7F294 /* SwiftBuddyUITests.swift */,
				C076E6C62897E63600F7F294 /* Info.plist */,
			);
			path = SwiftBuddyUITests;
			sourceTree = "<group>";
		};
/* End PBXGroup section */

/* Begin PBXNativeTarget section */
		C076E69E2897E62300F7F294 /* SwiftBuddy */ = {
			isa = PBXNativeTarget;
			buildConfigurationList = C076E6C92897E63600F7F294 /* Build configuration list for PBXNativeTarget "SwiftBuddy" */;
			buildPhases = (
				C076E69B2897E62300F7F294 /* Sources */,
				C076E69C2897E62300F7F294 /* Frameworks */,
				C076E69D2897E62300F7F294 /* Resources */,
			);
			buildRules = (
			);
			dependencies = (
			);
			name = SwiftBuddy;
			productName = SwiftBuddy;
			productReference = C076E69F2897E62300F7F294 /* SwiftBuddy.app */;
			productType = "com.apple.product-type.application";
		};
		C076E6B42897E63600F7F294 /* SwiftBuddyTests */ = {
			isa = PBXNativeTarget;
			buildConfigurationList = C076E6CC2897E63600F7F294 /* Build configuration list for PBXNativeTarget "SwiftBuddyTests" */;
			buildPhases = (
				C076E6B12897E63600F7F294 /* Sources */,
				C076E6B22897E63600F7F294 /* Frameworks */,
				C076E6B32897E63600F7F294 /* Resources */,
			);
			buildRules = (
			);
			dependencies = (
				C076E6B72897E63600F7F294 /* PBXTargetDependency */,
			);
			name = SwiftBuddyTests;
			productName = SwiftBuddyTests;
			productReference = C076E6B52897E63600F7F294 /* SwiftBuddyTests.xctest */;
			productType = "com.apple.product-type.bundle.unit-test";
		};
		C076E6BF2897E63600F7F294 /* SwiftBuddyUITests */ = {
			isa = PBXNativeTarget;
			buildConfigurationList = C076E6CF2897E63600F7F294 /* Build configuration list for PBXNativeTarget "SwiftBuddyUITests" */;
			buildPhases = (
				C076E6BC2897E63600F7F294 /* Sources */,
				C076E6BD2897E63600F7F294 /* Frameworks */,
				C076E6BE2897E63600F7F294 /* Resources */,
			);
			buildRules = (
			);
			dependencies = (
				C076E6C22897E63600F7F294 /* PBXTargetDependency */,
			);
			name = SwiftBuddyUITests;
			productName = SwiftBuddyUITests;
			productReference = C076E6C02897E63600F7F294 /* SwiftBuddyUITests.xctest */;
			productType = "com.apple.product-type.bundle.ui-testing";
		};
/* End PBXNativeTarget section */

/* Begin PBXProject section */
		C076E6972897E62300F7F294 /* Project object */ = {
			isa = PBXProject;
			attributes = {
				LastSwiftUpdateCheck = 1240;
				LastUpgradeCheck = 1240;
				TargetAttributes = {
					C076E69E2897E62300F7F294 = {
						CreatedOnToolsVersion = 12.4;
					};
					C076E6B42897E63600F7F294 = {
						CreatedOnToolsVersion = 12.4;
						TestTargetID = C076E69E2897E62300F7F294;
					};
					C076E6BF2897E63600F7F294 = {
						CreatedOnToolsVersion = 12.4;
						TestTargetID = C076E69E2897E62300F7F294;
					};
				};
			};
			buildConfigurationList = C076E69A2897E62300F7F294 /* Build configuration list for PBXProject "SwiftBuddy" */;
			compatibilityVersion = "Xcode 9.3";
			developmentRegion = en;
			hasScannedForEncodings = 0;
			knownRegions = (
				en,
				Base,
			);
			mainGroup = C076E6962897E62300F7F294;
			productRefGroup = C076E6A02897E62300F7F294 /* Products */;
			projectDirPath = "";
			projectRoot = "";
			targets = (
				C076E69E2897E62300F7F294 /* SwiftBuddy */,
				C076E6B42897E63600F7F294 /* SwiftBuddyTests */,
				C076E6BF2897E63600F7F294 /* SwiftBuddyUITests */,
			);
		};
/* End PBXProject section */

/* Begin PBXResourcesBuildPhase section */
		C076E69D2897E62300F7F294 /* Resources */ = {
			isa = PBXResourcesBuildPhase;
			buildActionMask = 2147483647;
			files = (
				C076E6AF2897E63400F7F294 /* LaunchScreen.storyboard in Resources */,
				C076E6AC2897E63400F7F294 /* Preview Assets.xcassets in Resources */,
				C076E6A92897E63400F7F294 /* Assets.xcassets in Resources */,
			);
			runOnlyForDeploymentPostprocessing = 0;
		};
		C076E6B32897E63600F7F294 /* Resources */ = {
			isa = PBXResourcesBuildPhase;
			buildActionMask = 2147483647;
			files = (
			);
			runOnlyForDeploymentPostprocessing = 0;
		};
		C076E6BE2897E63600F7F294 /* Resources */ = {
			isa = PBXResourcesBuildPhase;
			buildActionMask = 2147483647;
			files = (
			);
			runOnlyForDeploymentPostprocessing = 0;
		};
/* End PBXResourcesBuildPhase section */

/* Begin PBXSourcesBuildPhase section */
		C076E69B2897E62300F7F294 /* Sources */ = {
			isa = PBXSourcesBuildPhase;
			buildActionMask = 2147483647;
			files = (
				C076E6A32897E62300F7F294 /* AppDelegate.swift in Sources */,
				C076E6A52897E62300F7F294 /* SceneDelegate.swift in Sources */,
				C076E6A72897E62300F7F294 /* ContentView.swift in Sources */,
			);
			runOnlyForDeploymentPostprocessing = 0;
		};
		C076E6B12897E63600F7F294 /* Sources */ = {
			isa = PBXSourcesBuildPhase;
			buildActionMask = 2147483647;
			files = (
				C076E6BA2897E63600F7F294 /* SwiftBuddyTests.swift in Sources */,
			);
			runOnlyForDeploymentPostprocessing = 0;
		};
		C076E6BC2897E63600F7F294 /* Sources */ = {
			isa = PBXSourcesBuildPhase;
			buildActionMask = 2147483647;
			files = (
				C076E6C52897E63600F7F294 /* SwiftBuddyUITests.swift in Sources */,
			);
			runOnlyForDeploymentPostprocessing = 0;
		};
/* End PBXSourcesBuildPhase section */

/* Begin PBXTargetDependency section */
		C076E6B72897E63600F7F294 /* PBXTargetDependency */ = {
			isa = PBXTargetDependency;
			target = C076E69E2897E62300F7F294 /* SwiftBuddy */;
			targetProxy = C076E6B62897E63600F7F294 /* PBXContainerItemProxy */;
		};
		C076E6C22897E63600F7F294 /* PBXTargetDependency */ = {
			isa = PBXTargetDependency;
			target = C076E69E2897E62300F7F294 /* SwiftBuddy */;
			targetProxy = C076E6C12897E63600F7F294 /* PBXContainerItemProxy */;
		};
/* End PBXTargetDependency section */

/* Begin PBXVariantGroup section */
		C076E6AD2897E63400F7F294 /* LaunchScreen.storyboard */ = {
			isa = PBXVariantGroup;
			children = (
				C076E6AE2897E63400F7F294 /* Base */,
			);
			name = LaunchScreen.storyboard;
			sourceTree = "<group>";
		};
/* End PBXVariantGroup section */

/* Begin XCBuildConfiguration section */
		C076E6C72897E63600F7F294 /* Debug */ = {
			isa = XCBuildConfiguration;
			buildSettings = {
				ALWAYS_SEARCH_USER_PATHS = NO;
				CLANG_ANALYZER_NONNULL = YES;
				CLANG_ANALYZER_NUMBER_OBJECT_CONVERSION = YES_AGGRESSIVE;
				CLANG_CXX_LANGUAGE_STANDARD = "gnu++14";
				CLANG_CXX_LIBRARY = "libc++";
				CLANG_ENABLE_MODULES = YES;
				CLANG_ENABLE_OBJC_ARC = YES;
				CLANG_ENABLE_OBJC_WEAK = YES;
				CLANG_WARN_BLOCK_CAPTURE_AUTORELEASING = YES;
				CLANG_WARN_BOOL_CONVERSION = YES;
				CLANG_WARN_COMMA = YES;
				CLANG_WARN_CONSTANT_CONVERSION = YES;
				CLANG_WARN_DEPRECATED_OBJC_IMPLEMENTATIONS = YES;
				CLANG_WARN_DIRECT_OBJC_ISA_USAGE = YES_ERROR;
				CLANG_WARN_DOCUMENTATION_COMMENTS = YES;
				CLANG_WARN_EMPTY_BODY = YES;
				CLANG_WARN_ENUM_CONVERSION = YES;
				CLANG_WARN_INFINITE_RECURSION = YES;
				CLANG_WARN_INT_CONVERSION = YES;
				CLANG_WARN_NON_LITERAL_NULL_CONVERSION = YES;
				CLANG_WARN_OBJC_IMPLICIT_RETAIN_SELF = YES;
				CLANG_WARN_OBJC_LITERAL_CONVERSION = YES;
				CLANG_WARN_OBJC_ROOT_CLASS = YES_ERROR;
				CLANG_WARN_QUOTED_INCLUDE_IN_FRAMEWORK_HEADER = YES;
				CLANG_WARN_RANGE_LOOP_ANALYSIS = YES;
				CLANG_WARN_STRICT_PROTOTYPES = YES;
				CLANG_WARN_SUSPICIOUS_MOVE = YES;
				CLANG_WARN_UNGUARDED_AVAILABILITY = YES_AGGRESSIVE;
				CLANG_WARN_UNREACHABLE_CODE = YES;
				CLANG_WARN__DUPLICATE_METHOD_MATCH = YES;
				COPY_PHASE_STRIP = NO;
				DEBUG_INFORMATION_FORMAT = dwarf;
				ENABLE_STRICT_OBJC_MSGSEND = YES;
				ENABLE_TESTABILITY = YES;
				GCC_C_LANGUAGE_STANDARD = gnu11;
				GCC_DYNAMIC_NO_PIC = NO;
				GCC_NO_COMMON_BLOCKS = YES;
				GCC_OPTIMIZATION_LEVEL = 0;
				GCC_PREPROCESSOR_DEFINITIONS = (
					"DEBUG=1",
					"$(inherited)",
				);
				GCC_WARN_64_TO_32_BIT_CONVERSION = YES;
				GCC_WARN_ABOUT_RETURN_TYPE = YES_ERROR;
				GCC_WARN_UNDECLARED_SELECTOR = YES;
				GCC_WARN_UNINITIALIZED_AUTOS = YES_AGGRESSIVE;
				GCC_WARN_UNUSED_FUNCTION = YES;
				GCC_WARN_UNUSED_VARIABLE = YES;
				IPHONEOS_DEPLOYMENT_TARGET = 14.4;
				MTL_ENABLE_DEBUG_INFO = INCLUDE_SOURCE;
				MTL_FAST_MATH = YES;
				ONLY_ACTIVE_ARCH = YES;
				SDKROOT = iphoneos;
				SWIFT_ACTIVE_COMPILATION_CONDITIONS = DEBUG;
				SWIFT_OPTIMIZATION_LEVEL = "-Onone";
			};
			name = Debug;
		};
		C076E6C82897E63600F7F294 /* Release */ = {
			isa = XCBuildConfiguration;
			buildSettings = {
				ALWAYS_SEARCH_USER_PATHS = NO;
				CLANG_ANALYZER_NONNULL = YES;
				CLANG_ANALYZER_NUMBER_OBJECT_CONVERSION = YES_AGGRESSIVE;
				CLANG_CXX_LANGUAGE_STANDARD = "gnu++14";
				CLANG_CXX_LIBRARY = "libc++";
				CLANG_ENABLE_MODULES = YES;
				CLANG_ENABLE_OBJC_ARC = YES;
				CLANG_ENABLE_OBJC_WEAK = YES;
				CLANG_WARN_BLOCK_CAPTURE_AUTORELEASING = YES;
				CLANG_WARN_BOOL_CONVERSION = YES;
				CLANG_WARN_COMMA = YES;
				CLANG_WARN_CONSTANT_CONVERSION = YES;
				CLANG_WARN_DEPRECATED_OBJC_IMPLEMENTATIONS = YES;
				CLANG_WARN_DIRECT_OBJC_ISA_USAGE = YES_ERROR;
				CLANG_WARN_DOCUMENTATION_COMMENTS = YES;
				CLANG_WARN_EMPTY_BODY = YES;
				CLANG_WARN_ENUM_CONVERSION = YES;
				CLANG_WARN_INFINITE_RECURSION = YES;
				CLANG_WARN_INT_CONVERSION = YES;
				CLANG_WARN_NON_LITERAL_NULL_CONVERSION = YES;
				CLANG_WARN_OBJC_IMPLICIT_RETAIN_SELF = YES;
				CLANG_WARN_OBJC_LITERAL_CONVERSION = YES;
				CLANG_WARN_OBJC_ROOT_CLASS = YES_ERROR;
				CLANG_WARN_QUOTED_INCLUDE_IN_FRAMEWORK_HEADER = YES;
				CLANG_WARN_RANGE_LOOP_ANALYSIS = YES;
				CLANG_WARN_STRICT_PROTOTYPES = YES;
				CLANG_WARN_SUSPICIOUS_MOVE = YES;
				CLANG_WARN_UNGUARDED_AVAILABILITY = YES_AGGRESSIVE;
				CLANG_WARN_UNREACHABLE_CODE = YES;
				CLANG_WARN__DUPLICATE_METHOD_MATCH = YES;
				COPY_PHASE_STRIP = NO;
				DEBUG_INFORMATION_FORMAT = "dwarf-with-dsym";
				ENABLE_NS_ASSERTIONS = NO;
				ENABLE_STRICT_OBJC_MSGSEND = YES;
				GCC_C_LANGUAGE_STANDARD = gnu11;
				GCC_NO_COMMON_BLOCKS = YES;
				GCC_WARN_64_TO_32_BIT_CONVERSION = YES;
				GCC_WARN_ABOUT_RETURN_TYPE = YES_ERROR;
				GCC_WARN_UNDECLARED_SELECTOR = YES;
				GCC_WARN_UNINITIALIZED_AUTOS = YES_AGGRESSIVE;
				GCC_WARN_UNUSED_FUNCTION = YES;
				GCC_WARN_UNUSED_VARIABLE = YES;
				IPHONEOS_DEPLOYMENT_TARGET = 14.4;
				MTL_ENABLE_DEBUG_INFO = NO;
				MTL_FAST_MATH = YES;
				SDKROOT = iphoneos;
				SWIFT_COMPILATION_MODE = wholemodule;
				SWIFT_OPTIMIZATION_LEVEL = "-O";
				VALIDATE_PRODUCT = YES;
			};
			name = Release;
		};
		C076E6CA2897E63600F7F294 /* Debug */ = {
			isa = XCBuildConfiguration;
			buildSettings = {
				ASSETCATALOG_COMPILER_APPICON_NAME = AppIcon;
				ASSETCATALOG_COMPILER_GLOBAL_ACCENT_COLOR_NAME = AccentColor;
				CODE_SIGN_STYLE = Automatic;
				DEVELOPMENT_ASSET_PATHS = "\"SwiftBuddy/Preview Content\"";
				DEVELOPMENT_TEAM = DJ256YGG85;
				ENABLE_PREVIEWS = YES;
				INFOPLIST_FILE = SwiftBuddy/Info.plist;
				LD_RUNPATH_SEARCH_PATHS = (
					"$(inherited)",
					"@executable_path/Frameworks",
				);
				PRODUCT_BUNDLE_IDENTIFIER = roitech.SwiftBuddy;
				PRODUCT_NAME = "$(TARGET_NAME)";
				SWIFT_VERSION = 5.0;
				TARGETED_DEVICE_FAMILY = "1,2";
			};
			name = Debug;
		};
		C076E6CB2897E63600F7F294 /* Release */ = {
			isa = XCBuildConfiguration;
			buildSettings = {
				ASSETCATALOG_COMPILER_APPICON_NAME = AppIcon;
				ASSETCATALOG_COMPILER_GLOBAL_ACCENT_COLOR_NAME = AccentColor;
				CODE_SIGN_STYLE = Automatic;
				DEVELOPMENT_ASSET_PATHS = "\"SwiftBuddy/Preview Content\"";
				DEVELOPMENT_TEAM = DJ256YGG85;
				ENABLE_PREVIEWS = YES;
				INFOPLIST_FILE = SwiftBuddy/Info.plist;
				LD_RUNPATH_SEARCH_PATHS = (
					"$(inherited)",
					"@executable_path/Frameworks",
				);
				PRODUCT_BUNDLE_IDENTIFIER = roitech.SwiftBuddy;
				PRODUCT_NAME = "$(TARGET_NAME)";
				SWIFT_VERSION = 5.0;
				TARGETED_DEVICE_FAMILY = "1,2";
			};
			name = Release;
		};
		C076E6CD2897E63600F7F294 /* Debug */ = {
			isa = XCBuildConfiguration;
			buildSettings = {
				ALWAYS_EMBED_SWIFT_STANDARD_LIBRARIES = YES;
				BUNDLE_LOADER = "$(TEST_HOST)";
				CODE_SIGN_STYLE = Automatic;
				DEVELOPMENT_TEAM = DJ256YGG85;
				INFOPLIST_FILE = SwiftBuddyTests/Info.plist;
				IPHONEOS_DEPLOYMENT_TARGET = 14.4;
				LD_RUNPATH_SEARCH_PATHS = (
					"$(inherited)",
					"@executable_path/Frameworks",
					"@loader_path/Frameworks",
				);
				PRODUCT_BUNDLE_IDENTIFIER = roitech.SwiftBuddyTests;
				PRODUCT_NAME = "$(TARGET_NAME)";
				SWIFT_VERSION = 5.0;
				TARGETED_DEVICE_FAMILY = "1,2";
				TEST_HOST = "$(BUILT_PRODUCTS_DIR)/SwiftBuddy.app/SwiftBuddy";
			};
			name = Debug;
		};
		C076E6CE2897E63600F7F294 /* Release */ = {
			isa = XCBuildConfiguration;
			buildSettings = {
				ALWAYS_EMBED_SWIFT_STANDARD_LIBRARIES = YES;
				BUNDLE_LOADER = "$(TEST_HOST)";
				CODE_SIGN_STYLE = Automatic;
				DEVELOPMENT_TEAM = DJ256YGG85;
				INFOPLIST_FILE = SwiftBuddyTests/Info.plist;
				IPHONEOS_DEPLOYMENT_TARGET = 14.4;
				LD_RUNPATH_SEARCH_PATHS = (
					"$(inherited)",
					"@executable_path/Frameworks",
					"@loader_path/Frameworks",
				);
				PRODUCT_BUNDLE_IDENTIFIER = roitech.SwiftBuddyTests;
				PRODUCT_NAME = "$(TARGET_NAME)";
				SWIFT_VERSION = 5.0;
				TARGETED_DEVICE_FAMILY = "1,2";
				TEST_HOST = "$(BUILT_PRODUCTS_DIR)/SwiftBuddy.app/SwiftBuddy";
			};
			name = Release;
		};
		C076E6D02897E63600F7F294 /* Debug */ = {
			isa = XCBuildConfiguration;
			buildSettings = {
				ALWAYS_EMBED_SWIFT_STANDARD_LIBRARIES = YES;
				CODE_SIGN_STYLE = Automatic;
				DEVELOPMENT_TEAM = DJ256YGG85;
				INFOPLIST_FILE = SwiftBuddyUITests/Info.plist;
				LD_RUNPATH_SEARCH_PATHS = (
					"$(inherited)",
					"@executable_path/Frameworks",
					"@loader_path/Frameworks",
				);
				PRODUCT_BUNDLE_IDENTIFIER = roitech.SwiftBuddyUITests;
				PRODUCT_NAME = "$(TARGET_NAME)";
				SWIFT_VERSION = 5.0;
				TARGETED_DEVICE_FAMILY = "1,2";
				TEST_TARGET_NAME = SwiftBuddy;
			};
			name = Debug;
		};
		C076E6D12897E63600F7F294 /* Release */ = {
			isa = XCBuildConfiguration;
			buildSettings = {
				ALWAYS_EMBED_SWIFT_STANDARD_LIBRARIES = YES;
				CODE_SIGN_STYLE = Automatic;
				DEVELOPMENT_TEAM = DJ256YGG85;
				INFOPLIST_FILE = SwiftBuddyUITests/Info.plist;
				LD_RUNPATH_SEARCH_PATHS = (
					"$(inherited)",
					"@executable_path/Frameworks",
					"@loader_path/Frameworks",
				);
				PRODUCT_BUNDLE_IDENTIFIER = roitech.SwiftBuddyUITests;
				PRODUCT_NAME = "$(TARGET_NAME)";
				SWIFT_VERSION = 5.0;
				TARGETED_DEVICE_FAMILY = "1,2";
				TEST_TARGET_NAME = SwiftBuddy;
			};
			name = Release;
		};
/* End XCBuildConfiguration section */

/* Begin XCConfigurationList section */
		C076E69A2897E62300F7F294 /* Build configuration list for PBXProject "SwiftBuddy" */ = {
			isa = XCConfigurationList;
			buildConfigurations = (
				C076E6C72897E63600F7F294 /* Debug */,
				C076E6C82897E63600F7F294 /* Release */,
			);
			defaultConfigurationIsVisible = 0;
			defaultConfigurationName = Release;
		};
		C076E6C92897E63600F7F294 /* Build configuration list for PBXNativeTarget "SwiftBuddy" */ = {
			isa = XCConfigurationList;
			buildConfigurations = (
				C076E6CA2897E63600F7F294 /* Debug */,
				C076E6CB2897E63600F7F294 /* Release */,
			);
			defaultConfigurationIsVisible = 0;
			defaultConfigurationName = Release;
		};
		C076E6CC2897E63600F7F294 /* Build configuration list for PBXNativeTarget "SwiftBuddyTests" */ = {
			isa = XCConfigurationList;
			buildConfigurations = (
				C076E6CD2897E63600F7F294 /* Debug */,
				C076E6CE2897E63600F7F294 /* Release */,
			);
			defaultConfigurationIsVisible = 0;
			defaultConfigurationName = Release;
		};
		C076E6CF2897E63600F7F294 /* Build configuration list for PBXNativeTarget "SwiftBuddyUITests" */ = {
			isa = XCConfigurationList;
			buildConfigurations = (
				C076E6D02897E63600F7F294 /* Debug */,
				C076E6D12897E63600F7F294 /* Release */,
			);
			defaultConfigurationIsVisible = 0;
			defaultConfigurationName = Release;
		};
/* End XCConfigurationList section */
	};
	rootObject = C076E6972897E62300F7F294 /* Project object */;
}
