// !$*UTF8*$!
{
	archiveVersion = 1;
	classes = {
	};
	objectVersion = 50;
	objects = {

/* Begin PBXBuildFile section */
		31B4248A8D893E6D5F128263 /* Pods_SwiftBuddyTests.framework in Frameworks */ = {isa = PBXBuildFile; fileRef = FDA9847200F658FDF5FF202B /* Pods_SwiftBuddyTests.framework */; };
		91BBF136200C7FE1FDF13D25 /* Pods_SwiftBuddy_SwiftBuddyUITests.framework in Frameworks */ = {isa = PBXBuildFile; fileRef = E00F3364224D495BD9FB829E /* Pods_SwiftBuddy_SwiftBuddyUITests.framework */; };
		C076E6A32897E62300F7F294 /* AppDelegate.swift in Sources */ = {isa = PBXBuildFile; fileRef = C076E6A22897E62300F7F294 /* AppDelegate.swift */; };
		C076E6A52897E62300F7F294 /* SceneDelegate.swift in Sources */ = {isa = PBXBuildFile; fileRef = C076E6A42897E62300F7F294 /* SceneDelegate.swift */; };
		C076E6A72897E62300F7F294 /* ContentView.swift in Sources */ = {isa = PBXBuildFile; fileRef = C076E6A62897E62300F7F294 /* ContentView.swift */; };
		C076E6A92897E63400F7F294 /* Assets.xcassets in Resources */ = {isa = PBXBuildFile; fileRef = C076E6A82897E63400F7F294 /* Assets.xcassets */; };
		C076E6AC2897E63400F7F294 /* Preview Assets.xcassets in Resources */ = {isa = PBXBuildFile; fileRef = C076E6AB2897E63400F7F294 /* Preview Assets.xcassets */; };
		C076E6AF2897E63400F7F294 /* LaunchScreen.storyboard in Resources */ = {isa = PBXBuildFile; fileRef = C076E6AD2897E63400F7F294 /* LaunchScreen.storyboard */; };
		C076E6BA2897E63600F7F294 /* SwiftBuddyTests.swift in Sources */ = {isa = PBXBuildFile; fileRef = C076E6B92897E63600F7F294 /* SwiftBuddyTests.swift */; };
		C076E6C52897E63600F7F294 /* SwiftBuddyUITests.swift in Sources */ = {isa = PBXBuildFile; fileRef = C076E6C42897E63600F7F294 /* SwiftBuddyUITests.swift */; };
		C076E6D72897E70300F7F294 /* SplashScreen.swift in Sources */ = {isa = PBXBuildFile; fileRef = C076E6D62897E70300F7F294 /* SplashScreen.swift */; };
		C076E6D82897E70300F7F294 /* SplashScreen.swift in Sources */ = {isa = PBXBuildFile; fileRef = C076E6D62897E70300F7F294 /* SplashScreen.swift */; };
		C076E6D92897E70300F7F294 /* SplashScreen.swift in Sources */ = {isa = PBXBuildFile; fileRef = C076E6D62897E70300F7F294 /* SplashScreen.swift */; };
		C076E6E52897FFA800F7F294 /* Routes.swift in Sources */ = {isa = PBXBuildFile; fileRef = C076E6E42897FFA800F7F294 /* Routes.swift */; };
		C076E6E62897FFA800F7F294 /* Routes.swift in Sources */ = {isa = PBXBuildFile; fileRef = C076E6E42897FFA800F7F294 /* Routes.swift */; };
		C076E6E72897FFA800F7F294 /* Routes.swift in Sources */ = {isa = PBXBuildFile; fileRef = C076E6E42897FFA800F7F294 /* Routes.swift */; };
		C076E6F32898602800F7F294 /* Extensions.swift in Sources */ = {isa = PBXBuildFile; fileRef = C076E6F22898602800F7F294 /* Extensions.swift */; };
		C076E6F42898602800F7F294 /* Extensions.swift in Sources */ = {isa = PBXBuildFile; fileRef = C076E6F22898602800F7F294 /* Extensions.swift */; };
		C076E6F52898602800F7F294 /* Extensions.swift in Sources */ = {isa = PBXBuildFile; fileRef = C076E6F22898602800F7F294 /* Extensions.swift */; };
		C076E6FD28986C5400F7F294 /* OnboardingLander.swift in Sources */ = {isa = PBXBuildFile; fileRef = C076E6FC28986C5400F7F294 /* OnboardingLander.swift */; };
		C076E6FE28986C5400F7F294 /* OnboardingLander.swift in Sources */ = {isa = PBXBuildFile; fileRef = C076E6FC28986C5400F7F294 /* OnboardingLander.swift */; };
		C076E6FF28986C5400F7F294 /* OnboardingLander.swift in Sources */ = {isa = PBXBuildFile; fileRef = C076E6FC28986C5400F7F294 /* OnboardingLander.swift */; };
		C076E70B2899625900F7F294 /* SignIn.swift in Sources */ = {isa = PBXBuildFile; fileRef = C076E70A2899625700F7F294 /* SignIn.swift */; };
		C076E70C2899625900F7F294 /* SignIn.swift in Sources */ = {isa = PBXBuildFile; fileRef = C076E70A2899625700F7F294 /* SignIn.swift */; };
		C076E70D2899625A00F7F294 /* SignIn.swift in Sources */ = {isa = PBXBuildFile; fileRef = C076E70A2899625700F7F294 /* SignIn.swift */; };
		C076E7122899CE6800F7F294 /* SignUp.swift in Sources */ = {isa = PBXBuildFile; fileRef = C076E7112899CE6800F7F294 /* SignUp.swift */; };
		C076E7132899CE6800F7F294 /* SignUp.swift in Sources */ = {isa = PBXBuildFile; fileRef = C076E7112899CE6800F7F294 /* SignUp.swift */; };
		C076E7142899CE6800F7F294 /* SignUp.swift in Sources */ = {isa = PBXBuildFile; fileRef = C076E7112899CE6800F7F294 /* SignUp.swift */; };
		C076E719289B3A5F00F7F294 /* CustomTextField.swift in Sources */ = {isa = PBXBuildFile; fileRef = C076E718289B3A5F00F7F294 /* CustomTextField.swift */; };
		C076E71A289B3A5F00F7F294 /* CustomTextField.swift in Sources */ = {isa = PBXBuildFile; fileRef = C076E718289B3A5F00F7F294 /* CustomTextField.swift */; };
		C076E71B289B3A5F00F7F294 /* CustomTextField.swift in Sources */ = {isa = PBXBuildFile; fileRef = C076E718289B3A5F00F7F294 /* CustomTextField.swift */; };
		C0988B4828B81022002AC3FE /* GoogleService-Info.plist in Resources */ = {isa = PBXBuildFile; fileRef = C0988B4728B81022002AC3FE /* GoogleService-Info.plist */; };
		C09A13FA289E9E9A00771833 /* SecureTextField.swift in Sources */ = {isa = PBXBuildFile; fileRef = C09A13F9289E9E9A00771833 /* SecureTextField.swift */; };
		C09A13FB289E9E9A00771833 /* SecureTextField.swift in Sources */ = {isa = PBXBuildFile; fileRef = C09A13F9289E9E9A00771833 /* SecureTextField.swift */; };
		C09A13FC289E9E9A00771833 /* SecureTextField.swift in Sources */ = {isa = PBXBuildFile; fileRef = C09A13F9289E9E9A00771833 /* SecureTextField.swift */; };
		C09A1401289EBEEE00771833 /* ResetPassword.swift in Sources */ = {isa = PBXBuildFile; fileRef = C09A1400289EBEEE00771833 /* ResetPassword.swift */; };
		C09A1402289EBEEE00771833 /* ResetPassword.swift in Sources */ = {isa = PBXBuildFile; fileRef = C09A1400289EBEEE00771833 /* ResetPassword.swift */; };
		C09A1403289EBEEE00771833 /* ResetPassword.swift in Sources */ = {isa = PBXBuildFile; fileRef = C09A1400289EBEEE00771833 /* ResetPassword.swift */; };
		E7F924A413286D59F5BC4339 /* Pods_SwiftBuddy.framework in Frameworks */ = {isa = PBXBuildFile; fileRef = CC16B695474162798BECD6C0 /* Pods_SwiftBuddy.framework */; };
/* End PBXBuildFile section */

/* Begin PBXContainerItemProxy section */
		C076E6B62897E63600F7F294 /* PBXContainerItemProxy */ = {
			isa = PBXContainerItemProxy;
			containerPortal = C076E6972897E62300F7F294 /* Project object */;
			proxyType = 1;
			remoteGlobalIDString = C076E69E2897E62300F7F294;
			remoteInfo = SwiftBuddy;
		};
		C076E6C12897E63600F7F294 /* PBXContainerItemProxy */ = {
			isa = PBXContainerItemProxy;
			containerPortal = C076E6972897E62300F7F294 /* Project object */;
			proxyType = 1;
			remoteGlobalIDString = C076E69E2897E62300F7F294;
			remoteInfo = SwiftBuddy;
		};
/* End PBXContainerItemProxy section */

/* Begin PBXFileReference section */
		00996226EDFA0164EE47A5D4 /* Pods-SwiftBuddy.release.xcconfig */ = {isa = PBXFileReference; includeInIndex = 1; lastKnownFileType = text.xcconfig; name = "Pods-SwiftBuddy.release.xcconfig"; path = "Target Support Files/Pods-SwiftBuddy/Pods-SwiftBuddy.release.xcconfig"; sourceTree = "<group>"; };
		2D071DC605A2707A88612E49 /* Pods-SwiftBuddy-SwiftBuddyUITests.debug.xcconfig */ = {isa = PBXFileReference; includeInIndex = 1; lastKnownFileType = text.xcconfig; name = "Pods-SwiftBuddy-SwiftBuddyUITests.debug.xcconfig"; path = "Target Support Files/Pods-SwiftBuddy-SwiftBuddyUITests/Pods-SwiftBuddy-SwiftBuddyUITests.debug.xcconfig"; sourceTree = "<group>"; };
		4A424FB97E5D319B6B475D82 /* Pods-SwiftBuddy.debug.xcconfig */ = {isa = PBXFileReference; includeInIndex = 1; lastKnownFileType = text.xcconfig; name = "Pods-SwiftBuddy.debug.xcconfig"; path = "Target Support Files/Pods-SwiftBuddy/Pods-SwiftBuddy.debug.xcconfig"; sourceTree = "<group>"; };
		6F50FB26326AF0DA9D81DD22 /* Pods-SwiftBuddyTests.debug.xcconfig */ = {isa = PBXFileReference; includeInIndex = 1; lastKnownFileType = text.xcconfig; name = "Pods-SwiftBuddyTests.debug.xcconfig"; path = "Target Support Files/Pods-SwiftBuddyTests/Pods-SwiftBuddyTests.debug.xcconfig"; sourceTree = "<group>"; };
		AC2D4C939BF11E6AAA56643C /* Pods-SwiftBuddyTests.release.xcconfig */ = {isa = PBXFileReference; includeInIndex = 1; lastKnownFileType = text.xcconfig; name = "Pods-SwiftBuddyTests.release.xcconfig"; path = "Target Support Files/Pods-SwiftBuddyTests/Pods-SwiftBuddyTests.release.xcconfig"; sourceTree = "<group>"; };
		C076E69F2897E62300F7F294 /* SwiftBuddy.app */ = {isa = PBXFileReference; explicitFileType = wrapper.application; includeInIndex = 0; path = SwiftBuddy.app; sourceTree = BUILT_PRODUCTS_DIR; };
		C076E6A22897E62300F7F294 /* AppDelegate.swift */ = {isa = PBXFileReference; lastKnownFileType = sourcecode.swift; path = AppDelegate.swift; sourceTree = "<group>"; };
		C076E6A42897E62300F7F294 /* SceneDelegate.swift */ = {isa = PBXFileReference; lastKnownFileType = sourcecode.swift; path = SceneDelegate.swift; sourceTree = "<group>"; };
		C076E6A62897E62300F7F294 /* ContentView.swift */ = {isa = PBXFileReference; lastKnownFileType = sourcecode.swift; path = ContentView.swift; sourceTree = "<group>"; };
		C076E6A82897E63400F7F294 /* Assets.xcassets */ = {isa = PBXFileReference; lastKnownFileType = folder.assetcatalog; path = Assets.xcassets; sourceTree = "<group>"; };
		C076E6AB2897E63400F7F294 /* Preview Assets.xcassets */ = {isa = PBXFileReference; lastKnownFileType = folder.assetcatalog; path = "Preview Assets.xcassets"; sourceTree = "<group>"; };
		C076E6AE2897E63400F7F294 /* Base */ = {isa = PBXFileReference; lastKnownFileType = file.storyboard; name = Base; path = Base.lproj/LaunchScreen.storyboard; sourceTree = "<group>"; };
		C076E6B02897E63400F7F294 /* Info.plist */ = {isa = PBXFileReference; lastKnownFileType = text.plist.xml; path = Info.plist; sourceTree = "<group>"; };
		C076E6B52897E63600F7F294 /* SwiftBuddyTests.xctest */ = {isa = PBXFileReference; explicitFileType = wrapper.cfbundle; includeInIndex = 0; path = SwiftBuddyTests.xctest; sourceTree = BUILT_PRODUCTS_DIR; };
		C076E6B92897E63600F7F294 /* SwiftBuddyTests.swift */ = {isa = PBXFileReference; lastKnownFileType = sourcecode.swift; path = SwiftBuddyTests.swift; sourceTree = "<group>"; };
		C076E6BB2897E63600F7F294 /* Info.plist */ = {isa = PBXFileReference; lastKnownFileType = text.plist.xml; path = Info.plist; sourceTree = "<group>"; };
		C076E6C02897E63600F7F294 /* SwiftBuddyUITests.xctest */ = {isa = PBXFileReference; explicitFileType = wrapper.cfbundle; includeInIndex = 0; path = SwiftBuddyUITests.xctest; sourceTree = BUILT_PRODUCTS_DIR; };
		C076E6C42897E63600F7F294 /* SwiftBuddyUITests.swift */ = {isa = PBXFileReference; lastKnownFileType = sourcecode.swift; path = SwiftBuddyUITests.swift; sourceTree = "<group>"; };
		C076E6C62897E63600F7F294 /* Info.plist */ = {isa = PBXFileReference; lastKnownFileType = text.plist.xml; path = Info.plist; sourceTree = "<group>"; };
		C076E6D62897E70300F7F294 /* SplashScreen.swift */ = {isa = PBXFileReference; lastKnownFileType = sourcecode.swift; path = SplashScreen.swift; sourceTree = "<group>"; };
		C076E6E42897FFA800F7F294 /* Routes.swift */ = {isa = PBXFileReference; lastKnownFileType = sourcecode.swift; path = Routes.swift; sourceTree = "<group>"; };
		C076E6F22898602800F7F294 /* Extensions.swift */ = {isa = PBXFileReference; lastKnownFileType = sourcecode.swift; path = Extensions.swift; sourceTree = "<group>"; };
		C076E6FC28986C5400F7F294 /* OnboardingLander.swift */ = {isa = PBXFileReference; lastKnownFileType = sourcecode.swift; path = OnboardingLander.swift; sourceTree = "<group>"; };
		C076E70A2899625700F7F294 /* SignIn.swift */ = {isa = PBXFileReference; lastKnownFileType = sourcecode.swift; path = SignIn.swift; sourceTree = "<group>"; };
		C076E7112899CE6800F7F294 /* SignUp.swift */ = {isa = PBXFileReference; lastKnownFileType = sourcecode.swift; path = SignUp.swift; sourceTree = "<group>"; };
		C076E718289B3A5F00F7F294 /* CustomTextField.swift */ = {isa = PBXFileReference; lastKnownFileType = sourcecode.swift; path = CustomTextField.swift; sourceTree = "<group>"; };
		C0988B4728B81022002AC3FE /* GoogleService-Info.plist */ = {isa = PBXFileReference; fileEncoding = 4; lastKnownFileType = text.plist.xml; path = "GoogleService-Info.plist"; sourceTree = "<group>"; };
		C09A13F9289E9E9A00771833 /* SecureTextField.swift */ = {isa = PBXFileReference; lastKnownFileType = sourcecode.swift; path = SecureTextField.swift; sourceTree = "<group>"; };
		C09A1400289EBEEE00771833 /* ResetPassword.swift */ = {isa = PBXFileReference; lastKnownFileType = sourcecode.swift; path = ResetPassword.swift; sourceTree = "<group>"; };
		CC16B695474162798BECD6C0 /* Pods_SwiftBuddy.framework */ = {isa = PBXFileReference; explicitFileType = wrapper.framework; includeInIndex = 0; path = Pods_SwiftBuddy.framework; sourceTree = BUILT_PRODUCTS_DIR; };
		E00F3364224D495BD9FB829E /* Pods_SwiftBuddy_SwiftBuddyUITests.framework */ = {isa = PBXFileReference; explicitFileType = wrapper.framework; includeInIndex = 0; path = Pods_SwiftBuddy_SwiftBuddyUITests.framework; sourceTree = BUILT_PRODUCTS_DIR; };
		E43ACF45411ACF8077AFDCB5 /* Pods-SwiftBuddy-SwiftBuddyUITests.release.xcconfig */ = {isa = PBXFileReference; includeInIndex = 1; lastKnownFileType = text.xcconfig; name = "Pods-SwiftBuddy-SwiftBuddyUITests.release.xcconfig"; path = "Target Support Files/Pods-SwiftBuddy-SwiftBuddyUITests/Pods-SwiftBuddy-SwiftBuddyUITests.release.xcconfig"; sourceTree = "<group>"; };
		FDA9847200F658FDF5FF202B /* Pods_SwiftBuddyTests.framework */ = {isa = PBXFileReference; explicitFileType = wrapper.framework; includeInIndex = 0; path = Pods_SwiftBuddyTests.framework; sourceTree = BUILT_PRODUCTS_DIR; };
/* End PBXFileReference section */

/* Begin PBXFrameworksBuildPhase section */
		C076E69C2897E62300F7F294 /* Frameworks */ = {
			isa = PBXFrameworksBuildPhase;
			buildActionMask = 2147483647;
			files = (
				E7F924A413286D59F5BC4339 /* Pods_SwiftBuddy.framework in Frameworks */,
			);
			runOnlyForDeploymentPostprocessing = 0;
		};
		C076E6B22897E63600F7F294 /* Frameworks */ = {
			isa = PBXFrameworksBuildPhase;
			buildActionMask = 2147483647;
			files = (
				31B4248A8D893E6D5F128263 /* Pods_SwiftBuddyTests.framework in Frameworks */,
			);
			runOnlyForDeploymentPostprocessing = 0;
		};
		C076E6BD2897E63600F7F294 /* Frameworks */ = {
			isa = PBXFrameworksBuildPhase;
			buildActionMask = 2147483647;
			files = (
				91BBF136200C7FE1FDF13D25 /* Pods_SwiftBuddy_SwiftBuddyUITests.framework in Frameworks */,
			);
			runOnlyForDeploymentPostprocessing = 0;
		};
/* End PBXFrameworksBuildPhase section */

/* Begin PBXGroup section */
		0D81C048BA9743F1E3FD17FD /* Frameworks */ = {
			isa = PBXGroup;
			children = (
				CC16B695474162798BECD6C0 /* Pods_SwiftBuddy.framework */,
				E00F3364224D495BD9FB829E /* Pods_SwiftBuddy_SwiftBuddyUITests.framework */,
				FDA9847200F658FDF5FF202B /* Pods_SwiftBuddyTests.framework */,
			);
			name = Frameworks;
			sourceTree = "<group>";
		};
		C076E6962897E62300F7F294 = {
			isa = PBXGroup;
			children = (
				C076E6A12897E62300F7F294 /* SwiftBuddy */,
				C076E6B82897E63600F7F294 /* SwiftBuddyTests */,
				C076E6C32897E63600F7F294 /* SwiftBuddyUITests */,
				C076E6A02897E62300F7F294 /* Products */,
				FC7E83AC36726ABABEE44CE3 /* Pods */,
				0D81C048BA9743F1E3FD17FD /* Frameworks */,
			);
			sourceTree = "<group>";
		};
		C076E6A02897E62300F7F294 /* Products */ = {
			isa = PBXGroup;
			children = (
				C076E69F2897E62300F7F294 /* SwiftBuddy.app */,
				C076E6B52897E63600F7F294 /* SwiftBuddyTests.xctest */,
				C076E6C02897E63600F7F294 /* SwiftBuddyUITests.xctest */,
			);
			name = Products;
			sourceTree = "<group>";
		};
		C076E6A12897E62300F7F294 /* SwiftBuddy */ = {
			isa = PBXGroup;
			children = (
				C076E6A22897E62300F7F294 /* AppDelegate.swift */,
				C076E6EB2897FFB700F7F294 /* Controller */,
				C076E6A42897E62300F7F294 /* SceneDelegate.swift */,
				C076E6D52897E6CC00F7F294 /* View */,
				C076E6A82897E63400F7F294 /* Assets.xcassets */,
				C076E6AD2897E63400F7F294 /* LaunchScreen.storyboard */,
				C076E6B02897E63400F7F294 /* Info.plist */,
				C0988B4728B81022002AC3FE /* GoogleService-Info.plist */,
				C076E6AA2897E63400F7F294 /* Preview Content */,
			);
			path = SwiftBuddy;
			sourceTree = "<group>";
		};
		C076E6AA2897E63400F7F294 /* Preview Content */ = {
			isa = PBXGroup;
			children = (
				C076E6AB2897E63400F7F294 /* Preview Assets.xcassets */,
			);
			path = "Preview Content";
			sourceTree = "<group>";
		};
		C076E6B82897E63600F7F294 /* SwiftBuddyTests */ = {
			isa = PBXGroup;
			children = (
				C076E6B92897E63600F7F294 /* SwiftBuddyTests.swift */,
				C076E6BB2897E63600F7F294 /* Info.plist */,
			);
			path = SwiftBuddyTests;
			sourceTree = "<group>";
		};
		C076E6C32897E63600F7F294 /* SwiftBuddyUITests */ = {
			isa = PBXGroup;
			children = (
				C076E6C42897E63600F7F294 /* SwiftBuddyUITests.swift */,
				C076E6C62897E63600F7F294 /* Info.plist */,
			);
			path = SwiftBuddyUITests;
			sourceTree = "<group>";
		};
		C076E6D52897E6CC00F7F294 /* View */ = {
			isa = PBXGroup;
			children = (
				C076E706289933D700F7F294 /* SubViews */,
				C076E6A62897E62300F7F294 /* ContentView.swift */,
				C076E6D62897E70300F7F294 /* SplashScreen.swift */,
				C076E6FC28986C5400F7F294 /* OnboardingLander.swift */,
				C076E70A2899625700F7F294 /* SignIn.swift */,
				C076E7112899CE6800F7F294 /* SignUp.swift */,
				C09A1400289EBEEE00771833 /* ResetPassword.swift */,
			);
			path = View;
			sourceTree = "<group>";
		};
		C076E6EB2897FFB700F7F294 /* Controller */ = {
			isa = PBXGroup;
			children = (
				C076E6E42897FFA800F7F294 /* Routes.swift */,
				C076E6F22898602800F7F294 /* Extensions.swift */,
			);
			path = Controller;
			sourceTree = "<group>";
		};
		C076E706289933D700F7F294 /* SubViews */ = {
			isa = PBXGroup;
			children = (
				C076E718289B3A5F00F7F294 /* CustomTextField.swift */,
				C09A13F9289E9E9A00771833 /* SecureTextField.swift */,
			);
			path = SubViews;
			sourceTree = "<group>";
		};
		FC7E83AC36726ABABEE44CE3 /* Pods */ = {
			isa = PBXGroup;
			children = (
				4A424FB97E5D319B6B475D82 /* Pods-SwiftBuddy.debug.xcconfig */,
				00996226EDFA0164EE47A5D4 /* Pods-SwiftBuddy.release.xcconfig */,
				2D071DC605A2707A88612E49 /* Pods-SwiftBuddy-SwiftBuddyUITests.debug.xcconfig */,
				E43ACF45411ACF8077AFDCB5 /* Pods-SwiftBuddy-SwiftBuddyUITests.release.xcconfig */,
				6F50FB26326AF0DA9D81DD22 /* Pods-SwiftBuddyTests.debug.xcconfig */,
				AC2D4C939BF11E6AAA56643C /* Pods-SwiftBuddyTests.release.xcconfig */,
			);
			name = Pods;
			path = Pods;
			sourceTree = "<group>";
		};
/* End PBXGroup section */

/* Begin PBXNativeTarget section */
		C076E69E2897E62300F7F294 /* SwiftBuddy */ = {
			isa = PBXNativeTarget;
			buildConfigurationList = C076E6C92897E63600F7F294 /* Build configuration list for PBXNativeTarget "SwiftBuddy" */;
			buildPhases = (
				B0AA391A0696CCA6AA4ADA3C /* [CP] Check Pods Manifest.lock */,
				C076E69B2897E62300F7F294 /* Sources */,
				C076E69C2897E62300F7F294 /* Frameworks */,
				C076E69D2897E62300F7F294 /* Resources */,
				AA7BC59BE5CC4B6A43C40392 /* [CP] Embed Pods Frameworks */,
			);
			buildRules = (
			);
			dependencies = (
			);
			name = SwiftBuddy;
			productName = SwiftBuddy;
			productReference = C076E69F2897E62300F7F294 /* SwiftBuddy.app */;
			productType = "com.apple.product-type.application";
		};
		C076E6B42897E63600F7F294 /* SwiftBuddyTests */ = {
			isa = PBXNativeTarget;
			buildConfigurationList = C076E6CC2897E63600F7F294 /* Build configuration list for PBXNativeTarget "SwiftBuddyTests" */;
			buildPhases = (
				9332DB77C1BB1DC90EEA5162 /* [CP] Check Pods Manifest.lock */,
				C076E6B12897E63600F7F294 /* Sources */,
				C076E6B22897E63600F7F294 /* Frameworks */,
				C076E6B32897E63600F7F294 /* Resources */,
			);
			buildRules = (
			);
			dependencies = (
				C076E6B72897E63600F7F294 /* PBXTargetDependency */,
			);
			name = SwiftBuddyTests;
			productName = SwiftBuddyTests;
			productReference = C076E6B52897E63600F7F294 /* SwiftBuddyTests.xctest */;
			productType = "com.apple.product-type.bundle.unit-test";
		};
		C076E6BF2897E63600F7F294 /* SwiftBuddyUITests */ = {
			isa = PBXNativeTarget;
			buildConfigurationList = C076E6CF2897E63600F7F294 /* Build configuration list for PBXNativeTarget "SwiftBuddyUITests" */;
			buildPhases = (
				1D277097B130EC1E427BCD0D /* [CP] Check Pods Manifest.lock */,
				C076E6BC2897E63600F7F294 /* Sources */,
				C076E6BD2897E63600F7F294 /* Frameworks */,
				C076E6BE2897E63600F7F294 /* Resources */,
				30F3D4C77CB4DFAC607D9E3B /* [CP] Embed Pods Frameworks */,
			);
			buildRules = (
			);
			dependencies = (
				C076E6C22897E63600F7F294 /* PBXTargetDependency */,
			);
			name = SwiftBuddyUITests;
			productName = SwiftBuddyUITests;
			productReference = C076E6C02897E63600F7F294 /* SwiftBuddyUITests.xctest */;
			productType = "com.apple.product-type.bundle.ui-testing";
		};
/* End PBXNativeTarget section */

/* Begin PBXProject section */
		C076E6972897E62300F7F294 /* Project object */ = {
			isa = PBXProject;
			attributes = {
				LastSwiftUpdateCheck = 1240;
				LastUpgradeCheck = 1240;
				TargetAttributes = {
					C076E69E2897E62300F7F294 = {
						CreatedOnToolsVersion = 12.4;
					};
					C076E6B42897E63600F7F294 = {
						CreatedOnToolsVersion = 12.4;
						TestTargetID = C076E69E2897E62300F7F294;
					};
					C076E6BF2897E63600F7F294 = {
						CreatedOnToolsVersion = 12.4;
						TestTargetID = C076E69E2897E62300F7F294;
					};
				};
			};
			buildConfigurationList = C076E69A2897E62300F7F294 /* Build configuration list for PBXProject "SwiftBuddy" */;
			compatibilityVersion = "Xcode 9.3";
			developmentRegion = en;
			hasScannedForEncodings = 0;
			knownRegions = (
				en,
				Base,
			);
			mainGroup = C076E6962897E62300F7F294;
			productRefGroup = C076E6A02897E62300F7F294 /* Products */;
			projectDirPath = "";
			projectRoot = "";
			targets = (
				C076E69E2897E62300F7F294 /* SwiftBuddy */,
				C076E6B42897E63600F7F294 /* SwiftBuddyTests */,
				C076E6BF2897E63600F7F294 /* SwiftBuddyUITests */,
			);
		};
/* End PBXProject section */

/* Begin PBXResourcesBuildPhase section */
		C076E69D2897E62300F7F294 /* Resources */ = {
			isa = PBXResourcesBuildPhase;
			buildActionMask = 2147483647;
			files = (
				C076E6AF2897E63400F7F294 /* LaunchScreen.storyboard in Resources */,
				C0988B4828B81022002AC3FE /* GoogleService-Info.plist in Resources */,
				C076E6AC2897E63400F7F294 /* Preview Assets.xcassets in Resources */,
				C076E6A92897E63400F7F294 /* Assets.xcassets in Resources */,
			);
			runOnlyForDeploymentPostprocessing = 0;
		};
		C076E6B32897E63600F7F294 /* Resources */ = {
			isa = PBXResourcesBuildPhase;
			buildActionMask = 2147483647;
			files = (
			);
			runOnlyForDeploymentPostprocessing = 0;
		};
		C076E6BE2897E63600F7F294 /* Resources */ = {
			isa = PBXResourcesBuildPhase;
			buildActionMask = 2147483647;
			files = (
			);
			runOnlyForDeploymentPostprocessing = 0;
		};
/* End PBXResourcesBuildPhase section */

/* Begin PBXShellScriptBuildPhase section */
		1D277097B130EC1E427BCD0D /* [CP] Check Pods Manifest.lock */ = {
			isa = PBXShellScriptBuildPhase;
			buildActionMask = 2147483647;
			files = (
			);
			inputFileListPaths = (
			);
			inputPaths = (
				"${PODS_PODFILE_DIR_PATH}/Podfile.lock",
				"${PODS_ROOT}/Manifest.lock",
			);
			name = "[CP] Check Pods Manifest.lock";
			outputFileListPaths = (
			);
			outputPaths = (
				"$(DERIVED_FILE_DIR)/Pods-SwiftBuddy-SwiftBuddyUITests-checkManifestLockResult.txt",
			);
			runOnlyForDeploymentPostprocessing = 0;
			shellPath = /bin/sh;
			shellScript = "diff \"${PODS_PODFILE_DIR_PATH}/Podfile.lock\" \"${PODS_ROOT}/Manifest.lock\" > /dev/null\nif [ $? != 0 ] ; then\n    # print error to STDERR\n    echo \"error: The sandbox is not in sync with the Podfile.lock. Run 'pod install' or update your CocoaPods installation.\" >&2\n    exit 1\nfi\n# This output is used by Xcode 'outputs' to avoid re-running this script phase.\necho \"SUCCESS\" > \"${SCRIPT_OUTPUT_FILE_0}\"\n";
			showEnvVarsInLog = 0;
		};
		30F3D4C77CB4DFAC607D9E3B /* [CP] Embed Pods Frameworks */ = {
			isa = PBXShellScriptBuildPhase;
			buildActionMask = 2147483647;
			files = (
			);
			inputFileListPaths = (
				"${PODS_ROOT}/Target Support Files/Pods-SwiftBuddy-SwiftBuddyUITests/Pods-SwiftBuddy-SwiftBuddyUITests-frameworks-${CONFIGURATION}-input-files.xcfilelist",
			);
			name = "[CP] Embed Pods Frameworks";
			outputFileListPaths = (
				"${PODS_ROOT}/Target Support Files/Pods-SwiftBuddy-SwiftBuddyUITests/Pods-SwiftBuddy-SwiftBuddyUITests-frameworks-${CONFIGURATION}-output-files.xcfilelist",
			);
			runOnlyForDeploymentPostprocessing = 0;
			shellPath = /bin/sh;
			shellScript = "\"${PODS_ROOT}/Target Support Files/Pods-SwiftBuddy-SwiftBuddyUITests/Pods-SwiftBuddy-SwiftBuddyUITests-frameworks.sh\"\n";
			showEnvVarsInLog = 0;
		};
		9332DB77C1BB1DC90EEA5162 /* [CP] Check Pods Manifest.lock */ = {
			isa = PBXShellScriptBuildPhase;
			buildActionMask = 2147483647;
			files = (
			);
			inputFileListPaths = (
			);
			inputPaths = (
				"${PODS_PODFILE_DIR_PATH}/Podfile.lock",
				"${PODS_ROOT}/Manifest.lock",
			);
			name = "[CP] Check Pods Manifest.lock";
			outputFileListPaths = (
			);
			outputPaths = (
				"$(DERIVED_FILE_DIR)/Pods-SwiftBuddyTests-checkManifestLockResult.txt",
			);
			runOnlyForDeploymentPostprocessing = 0;
			shellPath = /bin/sh;
			shellScript = "diff \"${PODS_PODFILE_DIR_PATH}/Podfile.lock\" \"${PODS_ROOT}/Manifest.lock\" > /dev/null\nif [ $? != 0 ] ; then\n    # print error to STDERR\n    echo \"error: The sandbox is not in sync with the Podfile.lock. Run 'pod install' or update your CocoaPods installation.\" >&2\n    exit 1\nfi\n# This output is used by Xcode 'outputs' to avoid re-running this script phase.\necho \"SUCCESS\" > \"${SCRIPT_OUTPUT_FILE_0}\"\n";
			showEnvVarsInLog = 0;
		};
		AA7BC59BE5CC4B6A43C40392 /* [CP] Embed Pods Frameworks */ = {
			isa = PBXShellScriptBuildPhase;
			buildActionMask = 2147483647;
			files = (
			);
			inputFileListPaths = (
				"${PODS_ROOT}/Target Support Files/Pods-SwiftBuddy/Pods-SwiftBuddy-frameworks-${CONFIGURATION}-input-files.xcfilelist",
			);
			name = "[CP] Embed Pods Frameworks";
			outputFileListPaths = (
				"${PODS_ROOT}/Target Support Files/Pods-SwiftBuddy/Pods-SwiftBuddy-frameworks-${CONFIGURATION}-output-files.xcfilelist",
			);
			runOnlyForDeploymentPostprocessing = 0;
			shellPath = /bin/sh;
			shellScript = "\"${PODS_ROOT}/Target Support Files/Pods-SwiftBuddy/Pods-SwiftBuddy-frameworks.sh\"\n";
			showEnvVarsInLog = 0;
		};
		B0AA391A0696CCA6AA4ADA3C /* [CP] Check Pods Manifest.lock */ = {
			isa = PBXShellScriptBuildPhase;
			buildActionMask = 2147483647;
			files = (
			);
			inputFileListPaths = (
			);
			inputPaths = (
				"${PODS_PODFILE_DIR_PATH}/Podfile.lock",
				"${PODS_ROOT}/Manifest.lock",
			);
			name = "[CP] Check Pods Manifest.lock";
			outputFileListPaths = (
			);
			outputPaths = (
				"$(DERIVED_FILE_DIR)/Pods-SwiftBuddy-checkManifestLockResult.txt",
			);
			runOnlyForDeploymentPostprocessing = 0;
			shellPath = /bin/sh;
			shellScript = "diff \"${PODS_PODFILE_DIR_PATH}/Podfile.lock\" \"${PODS_ROOT}/Manifest.lock\" > /dev/null\nif [ $? != 0 ] ; then\n    # print error to STDERR\n    echo \"error: The sandbox is not in sync with the Podfile.lock. Run 'pod install' or update your CocoaPods installation.\" >&2\n    exit 1\nfi\n# This output is used by Xcode 'outputs' to avoid re-running this script phase.\necho \"SUCCESS\" > \"${SCRIPT_OUTPUT_FILE_0}\"\n";
			showEnvVarsInLog = 0;
		};
/* End PBXShellScriptBuildPhase section */

/* Begin PBXSourcesBuildPhase section */
		C076E69B2897E62300F7F294 /* Sources */ = {
			isa = PBXSourcesBuildPhase;
			buildActionMask = 2147483647;
			files = (
				C09A1401289EBEEE00771833 /* ResetPassword.swift in Sources */,
				C076E6D72897E70300F7F294 /* SplashScreen.swift in Sources */,
				C076E6F32898602800F7F294 /* Extensions.swift in Sources */,
				C076E6A32897E62300F7F294 /* AppDelegate.swift in Sources */,
				C09A13FA289E9E9A00771833 /* SecureTextField.swift in Sources */,
				C076E6E52897FFA800F7F294 /* Routes.swift in Sources */,
				C076E719289B3A5F00F7F294 /* CustomTextField.swift in Sources */,
				C076E6A52897E62300F7F294 /* SceneDelegate.swift in Sources */,
				C076E6FD28986C5400F7F294 /* OnboardingLander.swift in Sources */,
				C076E6A72897E62300F7F294 /* ContentView.swift in Sources */,
				C076E7122899CE6800F7F294 /* SignUp.swift in Sources */,
				C076E70B2899625900F7F294 /* SignIn.swift in Sources */,
			);
			runOnlyForDeploymentPostprocessing = 0;
		};
		C076E6B12897E63600F7F294 /* Sources */ = {
			isa = PBXSourcesBuildPhase;
			buildActionMask = 2147483647;
			files = (
				C076E7132899CE6800F7F294 /* SignUp.swift in Sources */,
				C076E6D82897E70300F7F294 /* SplashScreen.swift in Sources */,
				C09A1402289EBEEE00771833 /* ResetPassword.swift in Sources */,
				C076E70C2899625900F7F294 /* SignIn.swift in Sources */,
				C09A13FB289E9E9A00771833 /* SecureTextField.swift in Sources */,
				C076E6E62897FFA800F7F294 /* Routes.swift in Sources */,
				C076E71A289B3A5F00F7F294 /* CustomTextField.swift in Sources */,
				C076E6BA2897E63600F7F294 /* SwiftBuddyTests.swift in Sources */,
				C076E6F42898602800F7F294 /* Extensions.swift in Sources */,
				C076E6FE28986C5400F7F294 /* OnboardingLander.swift in Sources */,
			);
			runOnlyForDeploymentPostprocessing = 0;
		};
		C076E6BC2897E63600F7F294 /* Sources */ = {
			isa = PBXSourcesBuildPhase;
			buildActionMask = 2147483647;
			files = (
				C076E7142899CE6800F7F294 /* SignUp.swift in Sources */,
				C076E6D92897E70300F7F294 /* SplashScreen.swift in Sources */,
				C09A1403289EBEEE00771833 /* ResetPassword.swift in Sources */,
				C076E70D2899625A00F7F294 /* SignIn.swift in Sources */,
				C09A13FC289E9E9A00771833 /* SecureTextField.swift in Sources */,
				C076E6E72897FFA800F7F294 /* Routes.swift in Sources */,
				C076E71B289B3A5F00F7F294 /* CustomTextField.swift in Sources */,
				C076E6C52897E63600F7F294 /* SwiftBuddyUITests.swift in Sources */,
				C076E6F52898602800F7F294 /* Extensions.swift in Sources */,
				C076E6FF28986C5400F7F294 /* OnboardingLander.swift in Sources */,
			);
			runOnlyForDeploymentPostprocessing = 0;
		};
/* End PBXSourcesBuildPhase section */

/* Begin PBXTargetDependency section */
		C076E6B72897E63600F7F294 /* PBXTargetDependency */ = {
			isa = PBXTargetDependency;
			target = C076E69E2897E62300F7F294 /* SwiftBuddy */;
			targetProxy = C076E6B62897E63600F7F294 /* PBXContainerItemProxy */;
		};
		C076E6C22897E63600F7F294 /* PBXTargetDependency */ = {
			isa = PBXTargetDependency;
			target = C076E69E2897E62300F7F294 /* SwiftBuddy */;
			targetProxy = C076E6C12897E63600F7F294 /* PBXContainerItemProxy */;
		};
/* End PBXTargetDependency section */

/* Begin PBXVariantGroup section */
		C076E6AD2897E63400F7F294 /* LaunchScreen.storyboard */ = {
			isa = PBXVariantGroup;
			children = (
				C076E6AE2897E63400F7F294 /* Base */,
			);
			name = LaunchScreen.storyboard;
			sourceTree = "<group>";
		};
/* End PBXVariantGroup section */

/* Begin XCBuildConfiguration section */
		C076E6C72897E63600F7F294 /* Debug */ = {
			isa = XCBuildConfiguration;
			buildSettings = {
				ALWAYS_SEARCH_USER_PATHS = NO;
				CLANG_ANALYZER_NONNULL = YES;
				CLANG_ANALYZER_NUMBER_OBJECT_CONVERSION = YES_AGGRESSIVE;
				CLANG_CXX_LANGUAGE_STANDARD = "gnu++14";
				CLANG_CXX_LIBRARY = "libc++";
				CLANG_ENABLE_MODULES = YES;
				CLANG_ENABLE_OBJC_ARC = YES;
				CLANG_ENABLE_OBJC_WEAK = YES;
				CLANG_WARN_BLOCK_CAPTURE_AUTORELEASING = YES;
				CLANG_WARN_BOOL_CONVERSION = YES;
				CLANG_WARN_COMMA = YES;
				CLANG_WARN_CONSTANT_CONVERSION = YES;
				CLANG_WARN_DEPRECATED_OBJC_IMPLEMENTATIONS = YES;
				CLANG_WARN_DIRECT_OBJC_ISA_USAGE = YES_ERROR;
				CLANG_WARN_DOCUMENTATION_COMMENTS = YES;
				CLANG_WARN_EMPTY_BODY = YES;
				CLANG_WARN_ENUM_CONVERSION = YES;
				CLANG_WARN_INFINITE_RECURSION = YES;
				CLANG_WARN_INT_CONVERSION = YES;
				CLANG_WARN_NON_LITERAL_NULL_CONVERSION = YES;
				CLANG_WARN_OBJC_IMPLICIT_RETAIN_SELF = YES;
				CLANG_WARN_OBJC_LITERAL_CONVERSION = YES;
				CLANG_WARN_OBJC_ROOT_CLASS = YES_ERROR;
				CLANG_WARN_QUOTED_INCLUDE_IN_FRAMEWORK_HEADER = YES;
				CLANG_WARN_RANGE_LOOP_ANALYSIS = YES;
				CLANG_WARN_STRICT_PROTOTYPES = YES;
				CLANG_WARN_SUSPICIOUS_MOVE = YES;
				CLANG_WARN_UNGUARDED_AVAILABILITY = YES_AGGRESSIVE;
				CLANG_WARN_UNREACHABLE_CODE = YES;
				CLANG_WARN__DUPLICATE_METHOD_MATCH = YES;
				COPY_PHASE_STRIP = NO;
				DEBUG_INFORMATION_FORMAT = dwarf;
				ENABLE_STRICT_OBJC_MSGSEND = YES;
				ENABLE_TESTABILITY = YES;
				GCC_C_LANGUAGE_STANDARD = gnu11;
				GCC_DYNAMIC_NO_PIC = NO;
				GCC_NO_COMMON_BLOCKS = YES;
				GCC_OPTIMIZATION_LEVEL = 0;
				GCC_PREPROCESSOR_DEFINITIONS = (
					"DEBUG=1",
					"$(inherited)",
				);
				GCC_WARN_64_TO_32_BIT_CONVERSION = YES;
				GCC_WARN_ABOUT_RETURN_TYPE = YES_ERROR;
				GCC_WARN_UNDECLARED_SELECTOR = YES;
				GCC_WARN_UNINITIALIZED_AUTOS = YES_AGGRESSIVE;
				GCC_WARN_UNUSED_FUNCTION = YES;
				GCC_WARN_UNUSED_VARIABLE = YES;
				IPHONEOS_DEPLOYMENT_TARGET = 14.4;
				MTL_ENABLE_DEBUG_INFO = INCLUDE_SOURCE;
				MTL_FAST_MATH = YES;
				ONLY_ACTIVE_ARCH = YES;
				SDKROOT = iphoneos;
				SWIFT_ACTIVE_COMPILATION_CONDITIONS = DEBUG;
				SWIFT_OPTIMIZATION_LEVEL = "-Onone";
			};
			name = Debug;
		};
		C076E6C82897E63600F7F294 /* Release */ = {
			isa = XCBuildConfiguration;
			buildSettings = {
				ALWAYS_SEARCH_USER_PATHS = NO;
				CLANG_ANALYZER_NONNULL = YES;
				CLANG_ANALYZER_NUMBER_OBJECT_CONVERSION = YES_AGGRESSIVE;
				CLANG_CXX_LANGUAGE_STANDARD = "gnu++14";
				CLANG_CXX_LIBRARY = "libc++";
				CLANG_ENABLE_MODULES = YES;
				CLANG_ENABLE_OBJC_ARC = YES;
				CLANG_ENABLE_OBJC_WEAK = YES;
				CLANG_WARN_BLOCK_CAPTURE_AUTORELEASING = YES;
				CLANG_WARN_BOOL_CONVERSION = YES;
				CLANG_WARN_COMMA = YES;
				CLANG_WARN_CONSTANT_CONVERSION = YES;
				CLANG_WARN_DEPRECATED_OBJC_IMPLEMENTATIONS = YES;
				CLANG_WARN_DIRECT_OBJC_ISA_USAGE = YES_ERROR;
				CLANG_WARN_DOCUMENTATION_COMMENTS = YES;
				CLANG_WARN_EMPTY_BODY = YES;
				CLANG_WARN_ENUM_CONVERSION = YES;
				CLANG_WARN_INFINITE_RECURSION = YES;
				CLANG_WARN_INT_CONVERSION = YES;
				CLANG_WARN_NON_LITERAL_NULL_CONVERSION = YES;
				CLANG_WARN_OBJC_IMPLICIT_RETAIN_SELF = YES;
				CLANG_WARN_OBJC_LITERAL_CONVERSION = YES;
				CLANG_WARN_OBJC_ROOT_CLASS = YES_ERROR;
				CLANG_WARN_QUOTED_INCLUDE_IN_FRAMEWORK_HEADER = YES;
				CLANG_WARN_RANGE_LOOP_ANALYSIS = YES;
				CLANG_WARN_STRICT_PROTOTYPES = YES;
				CLANG_WARN_SUSPICIOUS_MOVE = YES;
				CLANG_WARN_UNGUARDED_AVAILABILITY = YES_AGGRESSIVE;
				CLANG_WARN_UNREACHABLE_CODE = YES;
				CLANG_WARN__DUPLICATE_METHOD_MATCH = YES;
				COPY_PHASE_STRIP = NO;
				DEBUG_INFORMATION_FORMAT = "dwarf-with-dsym";
				ENABLE_NS_ASSERTIONS = NO;
				ENABLE_STRICT_OBJC_MSGSEND = YES;
				GCC_C_LANGUAGE_STANDARD = gnu11;
				GCC_NO_COMMON_BLOCKS = YES;
				GCC_WARN_64_TO_32_BIT_CONVERSION = YES;
				GCC_WARN_ABOUT_RETURN_TYPE = YES_ERROR;
				GCC_WARN_UNDECLARED_SELECTOR = YES;
				GCC_WARN_UNINITIALIZED_AUTOS = YES_AGGRESSIVE;
				GCC_WARN_UNUSED_FUNCTION = YES;
				GCC_WARN_UNUSED_VARIABLE = YES;
				IPHONEOS_DEPLOYMENT_TARGET = 14.4;
				MTL_ENABLE_DEBUG_INFO = NO;
				MTL_FAST_MATH = YES;
				SDKROOT = iphoneos;
				SWIFT_COMPILATION_MODE = wholemodule;
				SWIFT_OPTIMIZATION_LEVEL = "-O";
				VALIDATE_PRODUCT = YES;
			};
			name = Release;
		};
		C076E6CA2897E63600F7F294 /* Debug */ = {
			isa = XCBuildConfiguration;
			baseConfigurationReference = 4A424FB97E5D319B6B475D82 /* Pods-SwiftBuddy.debug.xcconfig */;
			buildSettings = {
				ASSETCATALOG_COMPILER_APPICON_NAME = AppIcon;
				ASSETCATALOG_COMPILER_GLOBAL_ACCENT_COLOR_NAME = AccentColor;
				CODE_SIGN_STYLE = Automatic;
				DEVELOPMENT_ASSET_PATHS = "\"SwiftBuddy/Preview Content\"";
				DEVELOPMENT_TEAM = DJ256YGG85;
				ENABLE_PREVIEWS = YES;
				INFOPLIST_FILE = SwiftBuddy/Info.plist;
				LD_RUNPATH_SEARCH_PATHS = (
					"$(inherited)",
					"@executable_path/Frameworks",
				);
				PRODUCT_BUNDLE_IDENTIFIER = roitech.SwiftBuddy;
				PRODUCT_NAME = "$(TARGET_NAME)";
				SWIFT_VERSION = 5.0;
				TARGETED_DEVICE_FAMILY = "1,2";
			};
			name = Debug;
		};
		C076E6CB2897E63600F7F294 /* Release */ = {
			isa = XCBuildConfiguration;
			baseConfigurationReference = 00996226EDFA0164EE47A5D4 /* Pods-SwiftBuddy.release.xcconfig */;
			buildSettings = {
				ASSETCATALOG_COMPILER_APPICON_NAME = AppIcon;
				ASSETCATALOG_COMPILER_GLOBAL_ACCENT_COLOR_NAME = AccentColor;
				CODE_SIGN_STYLE = Automatic;
				DEVELOPMENT_ASSET_PATHS = "\"SwiftBuddy/Preview Content\"";
				DEVELOPMENT_TEAM = DJ256YGG85;
				ENABLE_PREVIEWS = YES;
				INFOPLIST_FILE = SwiftBuddy/Info.plist;
				LD_RUNPATH_SEARCH_PATHS = (
					"$(inherited)",
					"@executable_path/Frameworks",
				);
				PRODUCT_BUNDLE_IDENTIFIER = roitech.SwiftBuddy;
				PRODUCT_NAME = "$(TARGET_NAME)";
				SWIFT_VERSION = 5.0;
				TARGETED_DEVICE_FAMILY = "1,2";
			};
			name = Release;
		};
		C076E6CD2897E63600F7F294 /* Debug */ = {
			isa = XCBuildConfiguration;
			baseConfigurationReference = 6F50FB26326AF0DA9D81DD22 /* Pods-SwiftBuddyTests.debug.xcconfig */;
			buildSettings = {
				ALWAYS_EMBED_SWIFT_STANDARD_LIBRARIES = YES;
				BUNDLE_LOADER = "$(TEST_HOST)";
				CODE_SIGN_STYLE = Automatic;
				DEVELOPMENT_TEAM = DJ256YGG85;
				INFOPLIST_FILE = SwiftBuddyTests/Info.plist;
				IPHONEOS_DEPLOYMENT_TARGET = 14.4;
				LD_RUNPATH_SEARCH_PATHS = (
					"$(inherited)",
					"@executable_path/Frameworks",
					"@loader_path/Frameworks",
				);
				PRODUCT_BUNDLE_IDENTIFIER = roitech.SwiftBuddyTests;
				PRODUCT_NAME = "$(TARGET_NAME)";
				SWIFT_VERSION = 5.0;
				TARGETED_DEVICE_FAMILY = "1,2";
				TEST_HOST = "$(BUILT_PRODUCTS_DIR)/SwiftBuddy.app/SwiftBuddy";
			};
			name = Debug;
		};
		C076E6CE2897E63600F7F294 /* Release */ = {
			isa = XCBuildConfiguration;
			baseConfigurationReference = AC2D4C939BF11E6AAA56643C /* Pods-SwiftBuddyTests.release.xcconfig */;
			buildSettings = {
				ALWAYS_EMBED_SWIFT_STANDARD_LIBRARIES = YES;
				BUNDLE_LOADER = "$(TEST_HOST)";
				CODE_SIGN_STYLE = Automatic;
				DEVELOPMENT_TEAM = DJ256YGG85;
				INFOPLIST_FILE = SwiftBuddyTests/Info.plist;
				IPHONEOS_DEPLOYMENT_TARGET = 14.4;
				LD_RUNPATH_SEARCH_PATHS = (
					"$(inherited)",
					"@executable_path/Frameworks",
					"@loader_path/Frameworks",
				);
				PRODUCT_BUNDLE_IDENTIFIER = roitech.SwiftBuddyTests;
				PRODUCT_NAME = "$(TARGET_NAME)";
				SWIFT_VERSION = 5.0;
				TARGETED_DEVICE_FAMILY = "1,2";
				TEST_HOST = "$(BUILT_PRODUCTS_DIR)/SwiftBuddy.app/SwiftBuddy";
			};
			name = Release;
		};
		C076E6D02897E63600F7F294 /* Debug */ = {
			isa = XCBuildConfiguration;
			baseConfigurationReference = 2D071DC605A2707A88612E49 /* Pods-SwiftBuddy-SwiftBuddyUITests.debug.xcconfig */;
			buildSettings = {
				ALWAYS_EMBED_SWIFT_STANDARD_LIBRARIES = YES;
				CODE_SIGN_STYLE = Automatic;
				DEVELOPMENT_TEAM = DJ256YGG85;
				INFOPLIST_FILE = SwiftBuddyUITests/Info.plist;
				LD_RUNPATH_SEARCH_PATHS = (
					"$(inherited)",
					"@executable_path/Frameworks",
					"@loader_path/Frameworks",
				);
				PRODUCT_BUNDLE_IDENTIFIER = roitech.SwiftBuddyUITests;
				PRODUCT_NAME = "$(TARGET_NAME)";
				SWIFT_VERSION = 5.0;
				TARGETED_DEVICE_FAMILY = "1,2";
				TEST_TARGET_NAME = SwiftBuddy;
			};
			name = Debug;
		};
		C076E6D12897E63600F7F294 /* Release */ = {
			isa = XCBuildConfiguration;
			baseConfigurationReference = E43ACF45411ACF8077AFDCB5 /* Pods-SwiftBuddy-SwiftBuddyUITests.release.xcconfig */;
			buildSettings = {
				ALWAYS_EMBED_SWIFT_STANDARD_LIBRARIES = YES;
				CODE_SIGN_STYLE = Automatic;
				DEVELOPMENT_TEAM = DJ256YGG85;
				INFOPLIST_FILE = SwiftBuddyUITests/Info.plist;
				LD_RUNPATH_SEARCH_PATHS = (
					"$(inherited)",
					"@executable_path/Frameworks",
					"@loader_path/Frameworks",
				);
				PRODUCT_BUNDLE_IDENTIFIER = roitech.SwiftBuddyUITests;
				PRODUCT_NAME = "$(TARGET_NAME)";
				SWIFT_VERSION = 5.0;
				TARGETED_DEVICE_FAMILY = "1,2";
				TEST_TARGET_NAME = SwiftBuddy;
			};
			name = Release;
		};
/* End XCBuildConfiguration section */

/* Begin XCConfigurationList section */
		C076E69A2897E62300F7F294 /* Build configuration list for PBXProject "SwiftBuddy" */ = {
			isa = XCConfigurationList;
			buildConfigurations = (
				C076E6C72897E63600F7F294 /* Debug */,
				C076E6C82897E63600F7F294 /* Release */,
			);
			defaultConfigurationIsVisible = 0;
			defaultConfigurationName = Release;
		};
		C076E6C92897E63600F7F294 /* Build configuration list for PBXNativeTarget "SwiftBuddy" */ = {
			isa = XCConfigurationList;
			buildConfigurations = (
				C076E6CA2897E63600F7F294 /* Debug */,
				C076E6CB2897E63600F7F294 /* Release */,
			);
			defaultConfigurationIsVisible = 0;
			defaultConfigurationName = Release;
		};
		C076E6CC2897E63600F7F294 /* Build configuration list for PBXNativeTarget "SwiftBuddyTests" */ = {
			isa = XCConfigurationList;
			buildConfigurations = (
				C076E6CD2897E63600F7F294 /* Debug */,
				C076E6CE2897E63600F7F294 /* Release */,
			);
			defaultConfigurationIsVisible = 0;
			defaultConfigurationName = Release;
		};
		C076E6CF2897E63600F7F294 /* Build configuration list for PBXNativeTarget "SwiftBuddyUITests" */ = {
			isa = XCConfigurationList;
			buildConfigurations = (
				C076E6D02897E63600F7F294 /* Debug */,
				C076E6D12897E63600F7F294 /* Release */,
			);
			defaultConfigurationIsVisible = 0;
			defaultConfigurationName = Release;
		};
/* End XCConfigurationList section */
	};
	rootObject = C076E6972897E62300F7F294 /* Project object */;
}
